// !$*UTF8*$!
{
	archiveVersion = 1;
	classes = {
	};
	objectVersion = 77;
	objects = {

/* Begin PBXBuildFile section */
		035136BD2F10F2A60021E92F /* WidgetKit.framework in Frameworks */ = {isa = PBXBuildFile; fileRef = 0351367E2F10EBDF0021E92F /* WidgetKit.framework */; };
		035136BE2F10F2A60021E92F /* SwiftUI.framework in Frameworks */ = {isa = PBXBuildFile; fileRef = 035136802F10EBDF0021E92F /* SwiftUI.framework */; };
		035136CD2F10F2A80021E92F /* HaesslonWidgetExtension.appex in Embed Foundation Extensions */ = {isa = PBXBuildFile; fileRef = 035136BC2F10F2A60021E92F /* HaesslonWidgetExtension.appex */; settings = {ATTRIBUTES = (RemoveHeadersOnCopy, ); }; };
		035136D72F11012B0021E92F /* Localizable.xcstrings in Resources */ = {isa = PBXBuildFile; fileRef = 035136D62F11012B0021E92F /* Localizable.xcstrings */; };
		035136D82F11012B0021E92F /* Localizable.xcstrings in Resources */ = {isa = PBXBuildFile; fileRef = 035136D62F11012B0021E92F /* Localizable.xcstrings */; };
/* End PBXBuildFile section */

/* Begin PBXContainerItemProxy section */
		035136CB2F10F2A80021E92F /* PBXContainerItemProxy */ = {
			isa = PBXContainerItemProxy;
			containerPortal = 035136422F10DCDE0021E92F /* Project object */;
			proxyType = 1;
			remoteGlobalIDString = 035136BB2F10F2A60021E92F;
			remoteInfo = HaesslonWidgetExtension;
		};
/* End PBXContainerItemProxy section */

/* Begin PBXCopyFilesBuildPhase section */
		035136732F10EA640021E92F /* Embed Watch Content */ = {
			isa = PBXCopyFilesBuildPhase;
			buildActionMask = 2147483647;
			dstPath = "$(CONTENTS_FOLDER_PATH)/Watch";
			dstSubfolderSpec = 16;
			files = (
			);
			name = "Embed Watch Content";
			runOnlyForDeploymentPostprocessing = 0;
		};
		035136B52F10F1D80021E92F /* Embed Foundation Extensions */ = {
			isa = PBXCopyFilesBuildPhase;
			buildActionMask = 2147483647;
			dstPath = "";
			dstSubfolderSpec = 13;
			files = (
				035136CD2F10F2A80021E92F /* HaesslonWidgetExtension.appex in Embed Foundation Extensions */,
			);
			name = "Embed Foundation Extensions";
			runOnlyForDeploymentPostprocessing = 0;
		};
/* End PBXCopyFilesBuildPhase section */

/* Begin PBXFileReference section */
		0351364A2F10DCDE0021E92F /* Haesslon.app */ = {isa = PBXFileReference; explicitFileType = wrapper.application; includeInIndex = 0; path = Haesslon.app; sourceTree = BUILT_PRODUCTS_DIR; };
		0351367E2F10EBDF0021E92F /* WidgetKit.framework */ = {isa = PBXFileReference; lastKnownFileType = wrapper.framework; name = WidgetKit.framework; path = System/Library/Frameworks/WidgetKit.framework; sourceTree = SDKROOT; };
		035136802F10EBDF0021E92F /* SwiftUI.framework */ = {isa = PBXFileReference; lastKnownFileType = wrapper.framework; name = SwiftUI.framework; path = System/Library/Frameworks/SwiftUI.framework; sourceTree = SDKROOT; };
		035136BC2F10F2A60021E92F /* HaesslonWidgetExtension.appex */ = {isa = PBXFileReference; explicitFileType = "wrapper.app-extension"; includeInIndex = 0; path = HaesslonWidgetExtension.appex; sourceTree = BUILT_PRODUCTS_DIR; };
		035136D22F10F3F20021E92F /* HaesslonWidgetExtension.entitlements */ = {isa = PBXFileReference; lastKnownFileType = text.plist.entitlements; path = HaesslonWidgetExtension.entitlements; sourceTree = "<group>"; };
		035136D62F11012B0021E92F /* Localizable.xcstrings */ = {isa = PBXFileReference; lastKnownFileType = text.json.xcstrings; path = Localizable.xcstrings; sourceTree = "<group>"; };
		035136F22F1104FC0021E92F /* HaesslonWatchWidgetExtension.entitlements */ = {isa = PBXFileReference; lastKnownFileType = text.plist.entitlements; path = HaesslonWatchWidgetExtension.entitlements; sourceTree = "<group>"; };
/* End PBXFileReference section */

/* Begin PBXFileSystemSynchronizedBuildFileExceptionSet section */
		030194D52F11C5AE0029A533 /* Exceptions for "Haesslon" folder in "Haesslon" target */ = {
			isa = PBXFileSystemSynchronizedBuildFileExceptionSet;
			membershipExceptions = (
				Info.plist,
			);
			target = 035136492F10DCDE0021E92F /* Haesslon */;
		};
		035136CE2F10F2A80021E92F /* Exceptions for "HaesslonWidget" folder in "HaesslonWidgetExtension" target */ = {
			isa = PBXFileSystemSynchronizedBuildFileExceptionSet;
			membershipExceptions = (
				Info.plist,
			);
			target = 035136BB2F10F2A60021E92F /* HaesslonWidgetExtension */;
		};
		035137042F119F610021E92F /* Exceptions for "Haesslon" folder in "HaesslonWidgetExtension" target */ = {
			isa = PBXFileSystemSynchronizedBuildFileExceptionSet;
			membershipExceptions = (
				AppConstants.swift,
				DietLogic.swift,
				HealthManager.swift,
				LogBreakfastIntent.swift,
				Models.swift,
			);
			target = 035136BB2F10F2A60021E92F /* HaesslonWidgetExtension */;
		};
/* End PBXFileSystemSynchronizedBuildFileExceptionSet section */

/* Begin PBXFileSystemSynchronizedRootGroup section */
		0351364C2F10DCDE0021E92F /* Haesslon */ = {
			isa = PBXFileSystemSynchronizedRootGroup;
			exceptions = (
				030194D52F11C5AE0029A533 /* Exceptions for "Haesslon" folder in "Haesslon" target */,
				035137042F119F610021E92F /* Exceptions for "Haesslon" folder in "HaesslonWidgetExtension" target */,
			);
			path = Haesslon;
			sourceTree = "<group>";
		};
		035136BF2F10F2A60021E92F /* HaesslonWidget */ = {
			isa = PBXFileSystemSynchronizedRootGroup;
			exceptions = (
				035136CE2F10F2A80021E92F /* Exceptions for "HaesslonWidget" folder in "HaesslonWidgetExtension" target */,
			);
			path = HaesslonWidget;
			sourceTree = "<group>";
		};
/* End PBXFileSystemSynchronizedRootGroup section */

/* Begin PBXFrameworksBuildPhase section */
		035136472F10DCDE0021E92F /* Frameworks */ = {
			isa = PBXFrameworksBuildPhase;
			buildActionMask = 2147483647;
			files = (
			);
			runOnlyForDeploymentPostprocessing = 0;
		};
		035136B92F10F2A60021E92F /* Frameworks */ = {
			isa = PBXFrameworksBuildPhase;
			buildActionMask = 2147483647;
			files = (
				035136BE2F10F2A60021E92F /* SwiftUI.framework in Frameworks */,
				035136BD2F10F2A60021E92F /* WidgetKit.framework in Frameworks */,
			);
			runOnlyForDeploymentPostprocessing = 0;
		};
/* End PBXFrameworksBuildPhase section */

/* Begin PBXGroup section */
		035136412F10DCDE0021E92F = {
			isa = PBXGroup;
			children = (
				035136F22F1104FC0021E92F /* HaesslonWatchWidgetExtension.entitlements */,
				035136D62F11012B0021E92F /* Localizable.xcstrings */,
				0351364C2F10DCDE0021E92F /* Haesslon */,
				035136BF2F10F2A60021E92F /* HaesslonWidget */,
				0351367D2F10EBDF0021E92F /* Frameworks */,
				0351364B2F10DCDE0021E92F /* Products */,
				035136D22F10F3F20021E92F /* HaesslonWidgetExtension.entitlements */,
			);
			sourceTree = "<group>";
		};
		0351364B2F10DCDE0021E92F /* Products */ = {
			isa = PBXGroup;
			children = (
				0351364A2F10DCDE0021E92F /* Haesslon.app */,
				035136BC2F10F2A60021E92F /* HaesslonWidgetExtension.appex */,
			);
			name = Products;
			sourceTree = "<group>";
		};
		0351367D2F10EBDF0021E92F /* Frameworks */ = {
			isa = PBXGroup;
			children = (
				0351367E2F10EBDF0021E92F /* WidgetKit.framework */,
				035136802F10EBDF0021E92F /* SwiftUI.framework */,
			);
			name = Frameworks;
			sourceTree = "<group>";
		};
/* End PBXGroup section */

/* Begin PBXNativeTarget section */
		035136492F10DCDE0021E92F /* Haesslon */ = {
			isa = PBXNativeTarget;
			buildConfigurationList = 035136572F10DCDF0021E92F /* Build configuration list for PBXNativeTarget "Haesslon" */;
			buildPhases = (
				035136462F10DCDE0021E92F /* Sources */,
				035136472F10DCDE0021E92F /* Frameworks */,
				035136482F10DCDE0021E92F /* Resources */,
				035136732F10EA640021E92F /* Embed Watch Content */,
				035136B52F10F1D80021E92F /* Embed Foundation Extensions */,
			);
			buildRules = (
			);
			dependencies = (
				035136CC2F10F2A80021E92F /* PBXTargetDependency */,
			);
			fileSystemSynchronizedGroups = (
				0351364C2F10DCDE0021E92F /* Haesslon */,
			);
			name = Haesslon;
			packageProductDependencies = (
			);
			productName = Haesslon;
			productReference = 0351364A2F10DCDE0021E92F /* Haesslon.app */;
			productType = "com.apple.product-type.application";
		};
		035136BB2F10F2A60021E92F /* HaesslonWidgetExtension */ = {
			isa = PBXNativeTarget;
			buildConfigurationList = 035136CF2F10F2A80021E92F /* Build configuration list for PBXNativeTarget "HaesslonWidgetExtension" */;
			buildPhases = (
				035136B82F10F2A60021E92F /* Sources */,
				035136B92F10F2A60021E92F /* Frameworks */,
				035136BA2F10F2A60021E92F /* Resources */,
			);
			buildRules = (
			);
			dependencies = (
			);
			fileSystemSynchronizedGroups = (
				035136BF2F10F2A60021E92F /* HaesslonWidget */,
			);
			name = HaesslonWidgetExtension;
			packageProductDependencies = (
			);
			productName = HaesslonWidgetExtension;
			productReference = 035136BC2F10F2A60021E92F /* HaesslonWidgetExtension.appex */;
			productType = "com.apple.product-type.app-extension";
		};
/* End PBXNativeTarget section */

/* Begin PBXProject section */
		035136422F10DCDE0021E92F /* Project object */ = {
			isa = PBXProject;
			attributes = {
				BuildIndependentTargetsInParallel = 1;
				LastSwiftUpdateCheck = 2620;
				LastUpgradeCheck = 2620;
				TargetAttributes = {
					035136492F10DCDE0021E92F = {
						CreatedOnToolsVersion = 26.2;
					};
					035136BB2F10F2A60021E92F = {
						CreatedOnToolsVersion = 26.2;
					};
				};
			};
			buildConfigurationList = 035136452F10DCDE0021E92F /* Build configuration list for PBXProject "Haesslon" */;
			developmentRegion = en;
			hasScannedForEncodings = 0;
			knownRegions = (
				en,
				Base,
				de,
			);
			mainGroup = 035136412F10DCDE0021E92F;
			minimizedProjectReferenceProxies = 1;
			preferredProjectObjectVersion = 77;
			productRefGroup = 0351364B2F10DCDE0021E92F /* Products */;
			projectDirPath = "";
			projectRoot = "";
			targets = (
				035136492F10DCDE0021E92F /* Haesslon */,
				035136BB2F10F2A60021E92F /* HaesslonWidgetExtension */,
			);
		};
/* End PBXProject section */

/* Begin PBXResourcesBuildPhase section */
		035136482F10DCDE0021E92F /* Resources */ = {
			isa = PBXResourcesBuildPhase;
			buildActionMask = 2147483647;
			files = (
				035136D72F11012B0021E92F /* Localizable.xcstrings in Resources */,
			);
			runOnlyForDeploymentPostprocessing = 0;
		};
		035136BA2F10F2A60021E92F /* Resources */ = {
			isa = PBXResourcesBuildPhase;
			buildActionMask = 2147483647;
			files = (
				035136D82F11012B0021E92F /* Localizable.xcstrings in Resources */,
			);
			runOnlyForDeploymentPostprocessing = 0;
		};
/* End PBXResourcesBuildPhase section */

/* Begin PBXSourcesBuildPhase section */
		035136462F10DCDE0021E92F /* Sources */ = {
			isa = PBXSourcesBuildPhase;
			buildActionMask = 2147483647;
			files = (
			);
			runOnlyForDeploymentPostprocessing = 0;
		};
		035136B82F10F2A60021E92F /* Sources */ = {
			isa = PBXSourcesBuildPhase;
			buildActionMask = 2147483647;
			files = (
			);
			runOnlyForDeploymentPostprocessing = 0;
		};
/* End PBXSourcesBuildPhase section */

/* Begin PBXTargetDependency section */
		035136CC2F10F2A80021E92F /* PBXTargetDependency */ = {
			isa = PBXTargetDependency;
			target = 035136BB2F10F2A60021E92F /* HaesslonWidgetExtension */;
			targetProxy = 035136CB2F10F2A80021E92F /* PBXContainerItemProxy */;
		};
/* End PBXTargetDependency section */

/* Begin XCBuildConfiguration section */
		035136552F10DCDF0021E92F /* Debug */ = {
			isa = XCBuildConfiguration;
			buildSettings = {
				ALWAYS_SEARCH_USER_PATHS = NO;
				ASSETCATALOG_COMPILER_GENERATE_SWIFT_ASSET_SYMBOL_EXTENSIONS = YES;
				CLANG_ANALYZER_NONNULL = YES;
				CLANG_ANALYZER_NUMBER_OBJECT_CONVERSION = YES_AGGRESSIVE;
				CLANG_CXX_LANGUAGE_STANDARD = "gnu++20";
				CLANG_ENABLE_MODULES = YES;
				CLANG_ENABLE_OBJC_ARC = YES;
				CLANG_ENABLE_OBJC_WEAK = YES;
				CLANG_WARN_BLOCK_CAPTURE_AUTORELEASING = YES;
				CLANG_WARN_BOOL_CONVERSION = YES;
				CLANG_WARN_COMMA = YES;
				CLANG_WARN_CONSTANT_CONVERSION = YES;
				CLANG_WARN_DEPRECATED_OBJC_IMPLEMENTATIONS = YES;
				CLANG_WARN_DIRECT_OBJC_ISA_USAGE = YES_ERROR;
				CLANG_WARN_DOCUMENTATION_COMMENTS = YES;
				CLANG_WARN_EMPTY_BODY = YES;
				CLANG_WARN_ENUM_CONVERSION = YES;
				CLANG_WARN_INFINITE_RECURSION = YES;
				CLANG_WARN_INT_CONVERSION = YES;
				CLANG_WARN_NON_LITERAL_NULL_CONVERSION = YES;
				CLANG_WARN_OBJC_IMPLICIT_RETAIN_SELF = YES;
				CLANG_WARN_OBJC_LITERAL_CONVERSION = YES;
				CLANG_WARN_OBJC_ROOT_CLASS = YES_ERROR;
				CLANG_WARN_QUOTED_INCLUDE_IN_FRAMEWORK_HEADER = YES;
				CLANG_WARN_RANGE_LOOP_ANALYSIS = YES;
				CLANG_WARN_STRICT_PROTOTYPES = YES;
				CLANG_WARN_SUSPICIOUS_MOVE = YES;
				CLANG_WARN_UNGUARDED_AVAILABILITY = YES_AGGRESSIVE;
				CLANG_WARN_UNREACHABLE_CODE = YES;
				CLANG_WARN__DUPLICATE_METHOD_MATCH = YES;
				COPY_PHASE_STRIP = NO;
				DEBUG_INFORMATION_FORMAT = dwarf;
				DEVELOPMENT_TEAM = Q9QK5E2S4V;
				ENABLE_STRICT_OBJC_MSGSEND = YES;
				ENABLE_TESTABILITY = YES;
				ENABLE_USER_SCRIPT_SANDBOXING = YES;
				GCC_C_LANGUAGE_STANDARD = gnu17;
				GCC_DYNAMIC_NO_PIC = NO;
				GCC_NO_COMMON_BLOCKS = YES;
				GCC_OPTIMIZATION_LEVEL = 0;
				GCC_PREPROCESSOR_DEFINITIONS = (
					"DEBUG=1",
					"$(inherited)",
				);
				GCC_WARN_64_TO_32_BIT_CONVERSION = YES;
				GCC_WARN_ABOUT_RETURN_TYPE = YES_ERROR;
				GCC_WARN_UNDECLARED_SELECTOR = YES;
				GCC_WARN_UNINITIALIZED_AUTOS = YES_AGGRESSIVE;
				GCC_WARN_UNUSED_FUNCTION = YES;
				GCC_WARN_UNUSED_VARIABLE = YES;
				IPHONEOS_DEPLOYMENT_TARGET = 26.2;
				LOCALIZATION_PREFERS_STRING_CATALOGS = YES;
				MTL_ENABLE_DEBUG_INFO = INCLUDE_SOURCE;
				MTL_FAST_MATH = YES;
				ONLY_ACTIVE_ARCH = YES;
				SDKROOT = iphoneos;
				SWIFT_ACTIVE_COMPILATION_CONDITIONS = "DEBUG $(inherited)";
				SWIFT_EMIT_LOC_STRINGS = YES;
				SWIFT_OPTIMIZATION_LEVEL = "-Onone";
			};
			name = Debug;
		};
		035136562F10DCDF0021E92F /* Release */ = {
			isa = XCBuildConfiguration;
			buildSettings = {
				ALWAYS_SEARCH_USER_PATHS = NO;
				ASSETCATALOG_COMPILER_GENERATE_SWIFT_ASSET_SYMBOL_EXTENSIONS = YES;
				CLANG_ANALYZER_NONNULL = YES;
				CLANG_ANALYZER_NUMBER_OBJECT_CONVERSION = YES_AGGRESSIVE;
				CLANG_CXX_LANGUAGE_STANDARD = "gnu++20";
				CLANG_ENABLE_MODULES = YES;
				CLANG_ENABLE_OBJC_ARC = YES;
				CLANG_ENABLE_OBJC_WEAK = YES;
				CLANG_WARN_BLOCK_CAPTURE_AUTORELEASING = YES;
				CLANG_WARN_BOOL_CONVERSION = YES;
				CLANG_WARN_COMMA = YES;
				CLANG_WARN_CONSTANT_CONVERSION = YES;
				CLANG_WARN_DEPRECATED_OBJC_IMPLEMENTATIONS = YES;
				CLANG_WARN_DIRECT_OBJC_ISA_USAGE = YES_ERROR;
				CLANG_WARN_DOCUMENTATION_COMMENTS = YES;
				CLANG_WARN_EMPTY_BODY = YES;
				CLANG_WARN_ENUM_CONVERSION = YES;
				CLANG_WARN_INFINITE_RECURSION = YES;
				CLANG_WARN_INT_CONVERSION = YES;
				CLANG_WARN_NON_LITERAL_NULL_CONVERSION = YES;
				CLANG_WARN_OBJC_IMPLICIT_RETAIN_SELF = YES;
				CLANG_WARN_OBJC_LITERAL_CONVERSION = YES;
				CLANG_WARN_OBJC_ROOT_CLASS = YES_ERROR;
				CLANG_WARN_QUOTED_INCLUDE_IN_FRAMEWORK_HEADER = YES;
				CLANG_WARN_RANGE_LOOP_ANALYSIS = YES;
				CLANG_WARN_STRICT_PROTOTYPES = YES;
				CLANG_WARN_SUSPICIOUS_MOVE = YES;
				CLANG_WARN_UNGUARDED_AVAILABILITY = YES_AGGRESSIVE;
				CLANG_WARN_UNREACHABLE_CODE = YES;
				CLANG_WARN__DUPLICATE_METHOD_MATCH = YES;
				COPY_PHASE_STRIP = NO;
				DEBUG_INFORMATION_FORMAT = "dwarf-with-dsym";
				DEVELOPMENT_TEAM = Q9QK5E2S4V;
				ENABLE_NS_ASSERTIONS = NO;
				ENABLE_STRICT_OBJC_MSGSEND = YES;
				ENABLE_USER_SCRIPT_SANDBOXING = YES;
				GCC_C_LANGUAGE_STANDARD = gnu17;
				GCC_NO_COMMON_BLOCKS = YES;
				GCC_WARN_64_TO_32_BIT_CONVERSION = YES;
				GCC_WARN_ABOUT_RETURN_TYPE = YES_ERROR;
				GCC_WARN_UNDECLARED_SELECTOR = YES;
				GCC_WARN_UNINITIALIZED_AUTOS = YES_AGGRESSIVE;
				GCC_WARN_UNUSED_FUNCTION = YES;
				GCC_WARN_UNUSED_VARIABLE = YES;
				IPHONEOS_DEPLOYMENT_TARGET = 26.2;
				LOCALIZATION_PREFERS_STRING_CATALOGS = YES;
				MTL_ENABLE_DEBUG_INFO = NO;
				MTL_FAST_MATH = YES;
				SDKROOT = iphoneos;
				SWIFT_COMPILATION_MODE = wholemodule;
				SWIFT_EMIT_LOC_STRINGS = YES;
				VALIDATE_PRODUCT = YES;
			};
			name = Release;
		};
		035136582F10DCDF0021E92F /* Debug */ = {
			isa = XCBuildConfiguration;
			buildSettings = {
				ASSETCATALOG_COMPILER_APPICON_NAME = AppIcon;
				ASSETCATALOG_COMPILER_GLOBAL_ACCENT_COLOR_NAME = AccentColor;
				CODE_SIGN_ENTITLEMENTS = Haesslon/Haesslon.entitlements;
				CODE_SIGN_STYLE = Automatic;
				CURRENT_PROJECT_VERSION = 1;
				DEVELOPMENT_TEAM = Q9QK5E2S4V;
				ENABLE_PREVIEWS = YES;
				GENERATE_INFOPLIST_FILE = YES;
				INFOPLIST_FILE = Haesslon/Info.plist;
				INFOPLIST_KEY_NSHealthShareUsageDescription = "To calculate your daily calorie budget.";
				INFOPLIST_KEY_NSHealthUpdateUsageDescription = "Haesslon needs write access to HealthKit to save your breakfast calories and macros to Apple Health.";
				INFOPLIST_KEY_UIApplicationSceneManifest_Generation = YES;
				INFOPLIST_KEY_UIApplicationSupportsIndirectInputEvents = YES;
				INFOPLIST_KEY_UILaunchScreen_Generation = YES;
				INFOPLIST_KEY_UISupportedInterfaceOrientations_iPad = "UIInterfaceOrientationPortrait UIInterfaceOrientationPortraitUpsideDown UIInterfaceOrientationLandscapeLeft UIInterfaceOrientationLandscapeRight";
				INFOPLIST_KEY_UISupportedInterfaceOrientations_iPhone = "UIInterfaceOrientationPortrait UIInterfaceOrientationLandscapeLeft UIInterfaceOrientationLandscapeRight";
				LD_RUNPATH_SEARCH_PATHS = (
					"$(inherited)",
					"@executable_path/Frameworks",
				);
				MARKETING_VERSION = 1.0;
				PRODUCT_BUNDLE_IDENTIFIER = de.darndt.technologies.Haesslon;
				PRODUCT_NAME = "$(TARGET_NAME)";
				STRING_CATALOG_GENERATE_SYMBOLS = YES;
				SWIFT_APPROACHABLE_CONCURRENCY = YES;
				SWIFT_DEFAULT_ACTOR_ISOLATION = MainActor;
				SWIFT_EMIT_LOC_STRINGS = YES;
				SWIFT_UPCOMING_FEATURE_MEMBER_IMPORT_VISIBILITY = YES;
				SWIFT_VERSION = 5.0;
				TARGETED_DEVICE_FAMILY = "1,2";
			};
			name = Debug;
		};
		035136592F10DCDF0021E92F /* Release */ = {
			isa = XCBuildConfiguration;
			buildSettings = {
				ASSETCATALOG_COMPILER_APPICON_NAME = AppIcon;
				ASSETCATALOG_COMPILER_GLOBAL_ACCENT_COLOR_NAME = AccentColor;
				CODE_SIGN_ENTITLEMENTS = Haesslon/Haesslon.entitlements;
				CODE_SIGN_STYLE = Automatic;
				CURRENT_PROJECT_VERSION = 1;
				DEVELOPMENT_TEAM = Q9QK5E2S4V;
				ENABLE_PREVIEWS = YES;
				GENERATE_INFOPLIST_FILE = YES;
				INFOPLIST_FILE = Haesslon/Info.plist;
				INFOPLIST_KEY_NSHealthShareUsageDescription = "To calculate your daily calorie budget.";
				INFOPLIST_KEY_NSHealthUpdateUsageDescription = "Haesslon needs write access to HealthKit to save your breakfast calories and macros to Apple Health.";
				INFOPLIST_KEY_UIApplicationSceneManifest_Generation = YES;
				INFOPLIST_KEY_UIApplicationSupportsIndirectInputEvents = YES;
				INFOPLIST_KEY_UILaunchScreen_Generation = YES;
				INFOPLIST_KEY_UISupportedInterfaceOrientations_iPad = "UIInterfaceOrientationPortrait UIInterfaceOrientationPortraitUpsideDown UIInterfaceOrientationLandscapeLeft UIInterfaceOrientationLandscapeRight";
				INFOPLIST_KEY_UISupportedInterfaceOrientations_iPhone = "UIInterfaceOrientationPortrait UIInterfaceOrientationLandscapeLeft UIInterfaceOrientationLandscapeRight";
				LD_RUNPATH_SEARCH_PATHS = (
					"$(inherited)",
					"@executable_path/Frameworks",
				);
				MARKETING_VERSION = 1.0;
				PRODUCT_BUNDLE_IDENTIFIER = de.darndt.technologies.Haesslon;
				PRODUCT_NAME = "$(TARGET_NAME)";
				STRING_CATALOG_GENERATE_SYMBOLS = YES;
				SWIFT_APPROACHABLE_CONCURRENCY = YES;
				SWIFT_DEFAULT_ACTOR_ISOLATION = MainActor;
				SWIFT_EMIT_LOC_STRINGS = YES;
				SWIFT_UPCOMING_FEATURE_MEMBER_IMPORT_VISIBILITY = YES;
				SWIFT_VERSION = 5.0;
				TARGETED_DEVICE_FAMILY = "1,2";
			};
			name = Release;
		};
		035136D02F10F2A80021E92F /* Debug */ = {
			isa = XCBuildConfiguration;
			buildSettings = {
				ASSETCATALOG_COMPILER_GLOBAL_ACCENT_COLOR_NAME = AccentColor;
				ASSETCATALOG_COMPILER_WIDGET_BACKGROUND_COLOR_NAME = WidgetBackground;
				CODE_SIGN_ENTITLEMENTS = HaesslonWidgetExtension.entitlements;
				CODE_SIGN_STYLE = Automatic;
				CURRENT_PROJECT_VERSION = 1;
				DEVELOPMENT_TEAM = Q9QK5E2S4V;
				GENERATE_INFOPLIST_FILE = YES;
				INFOPLIST_FILE = HaesslonWidget/Info.plist;
				INFOPLIST_KEY_CFBundleDisplayName = HaesslonWidget;
				INFOPLIST_KEY_NSHumanReadableCopyright = "";
				LD_RUNPATH_SEARCH_PATHS = (
					"$(inherited)",
					"@executable_path/Frameworks",
					"@executable_path/../../Frameworks",
				);
				MARKETING_VERSION = 1.0;
				PRODUCT_BUNDLE_IDENTIFIER = de.darndt.technologies.Haesslon.HaesslonWidget;
				PRODUCT_NAME = "$(TARGET_NAME)";
				SKIP_INSTALL = YES;
				STRING_CATALOG_GENERATE_SYMBOLS = YES;
				SWIFT_APPROACHABLE_CONCURRENCY = YES;
				SWIFT_EMIT_LOC_STRINGS = YES;
				SWIFT_UPCOMING_FEATURE_MEMBER_IMPORT_VISIBILITY = YES;
				SWIFT_VERSION = 5.0;
				TARGETED_DEVICE_FAMILY = "1,2";
			};
			name = Debug;
		};
		035136D12F10F2A80021E92F /* Release */ = {
			isa = XCBuildConfiguration;
			buildSettings = {
				ASSETCATALOG_COMPILER_GLOBAL_ACCENT_COLOR_NAME = AccentColor;
				ASSETCATALOG_COMPILER_WIDGET_BACKGROUND_COLOR_NAME = WidgetBackground;
				CODE_SIGN_ENTITLEMENTS = HaesslonWidgetExtension.entitlements;
				CODE_SIGN_STYLE = Automatic;
				CURRENT_PROJECT_VERSION = 1;
				DEVELOPMENT_TEAM = Q9QK5E2S4V;
				GENERATE_INFOPLIST_FILE = YES;
				INFOPLIST_FILE = HaesslonWidget/Info.plist;
				INFOPLIST_KEY_CFBundleDisplayName = HaesslonWidget;
				INFOPLIST_KEY_NSHumanReadableCopyright = "";
				LD_RUNPATH_SEARCH_PATHS = (
					"$(inherited)",
					"@executable_path/Frameworks",
					"@executable_path/../../Frameworks",
				);
				MARKETING_VERSION = 1.0;
				PRODUCT_BUNDLE_IDENTIFIER = de.darndt.technologies.Haesslon.HaesslonWidget;
				PRODUCT_NAME = "$(TARGET_NAME)";
				SKIP_INSTALL = YES;
				STRING_CATALOG_GENERATE_SYMBOLS = YES;
				SWIFT_APPROACHABLE_CONCURRENCY = YES;
				SWIFT_EMIT_LOC_STRINGS = YES;
				SWIFT_UPCOMING_FEATURE_MEMBER_IMPORT_VISIBILITY = YES;
				SWIFT_VERSION = 5.0;
				TARGETED_DEVICE_FAMILY = "1,2";
			};
			name = Release;
		};
/* End XCBuildConfiguration section */

/* Begin XCConfigurationList section */
		035136452F10DCDE0021E92F /* Build configuration list for PBXProject "Haesslon" */ = {
			isa = XCConfigurationList;
			buildConfigurations = (
				035136552F10DCDF0021E92F /* Debug */,
				035136562F10DCDF0021E92F /* Release */,
			);
			defaultConfigurationIsVisible = 0;
			defaultConfigurationName = Release;
		};
		035136572F10DCDF0021E92F /* Build configuration list for PBXNativeTarget "Haesslon" */ = {
			isa = XCConfigurationList;
			buildConfigurations = (
				035136582F10DCDF0021E92F /* Debug */,
				035136592F10DCDF0021E92F /* Release */,
			);
			defaultConfigurationIsVisible = 0;
			defaultConfigurationName = Release;
		};
		035136CF2F10F2A80021E92F /* Build configuration list for PBXNativeTarget "HaesslonWidgetExtension" */ = {
			isa = XCConfigurationList;
			buildConfigurations = (
				035136D02F10F2A80021E92F /* Debug */,
				035136D12F10F2A80021E92F /* Release */,
			);
			defaultConfigurationIsVisible = 0;
			defaultConfigurationName = Release;
		};
/* End XCConfigurationList section */
	};
	rootObject = 035136422F10DCDE0021E92F /* Project object */;
}
